
Microsoft Visual Studio Solution File, Format Version 12.00
# Visual Studio 15
VisualStudioVersion = 15.0.28010.2046
MinimumVisualStudioVersion = 10.0.40219.1
Project("{FAE04EC0-301F-11D3-BF4B-00C04F79EFBC}") = "Library.App", "Library.App\Library.App.csproj", "{813C58D0-D2D0-4B4C-8B26-FC01499382E7}"
EndProject
Project("{FAE04EC0-301F-11D3-BF4B-00C04F79EFBC}") = "Library.App.Tests", "Library.App.Tests\Library.App.Tests.csproj", "{8D3C4958-3E76-4BB7-ADE9-2EEBBF40B02A}"
EndProject
Project("{2150E333-8FDC-42A3-9474-1A3956D46DE8}") = "Domain", "Domain", "{1FDCE772-60F4-4BAA-AD18-05B72AAF3C2E}"
EndProject
Project("{FAE04EC0-301F-11D3-BF4B-00C04F79EFBC}") = "Library.Domain.Core", "Library.Domain.Core\Library.Domain.Core.csproj", "{185580E4-B191-4415-9C48-8FFA78EDD7A5}"
EndProject
Project("{2150E333-8FDC-42A3-9474-1A3956D46DE8}") = "Infrastructure", "Infrastructure", "{413895AA-FE0F-4E82-8B99-EB2E5D713D46}"
EndProject
Project("{FAE04EC0-301F-11D3-BF4B-00C04F79EFBC}") = "Library.Infrastructure.Data", "Library.Infrastructure.Data\Library.Infrastructure.Data.csproj", "{5AA57F90-26AF-4842-94D2-6D5072E78243}"
EndProject
Global
	GlobalSection(SolutionConfigurationPlatforms) = preSolution
		Debug|Any CPU = Debug|Any CPU
		Release|Any CPU = Release|Any CPU
	EndGlobalSection
	GlobalSection(ProjectConfigurationPlatforms) = postSolution
		{813C58D0-D2D0-4B4C-8B26-FC01499382E7}.Debug|Any CPU.ActiveCfg = Debug|Any CPU
		{813C58D0-D2D0-4B4C-8B26-FC01499382E7}.Debug|Any CPU.Build.0 = Debug|Any CPU
		{813C58D0-D2D0-4B4C-8B26-FC01499382E7}.Release|Any CPU.ActiveCfg = Release|Any CPU
		{813C58D0-D2D0-4B4C-8B26-FC01499382E7}.Release|Any CPU.Build.0 = Release|Any CPU
		{8D3C4958-3E76-4BB7-ADE9-2EEBBF40B02A}.Debug|Any CPU.ActiveCfg = Debug|Any CPU
		{8D3C4958-3E76-4BB7-ADE9-2EEBBF40B02A}.Debug|Any CPU.Build.0 = Debug|Any CPU
		{8D3C4958-3E76-4BB7-ADE9-2EEBBF40B02A}.Release|Any CPU.ActiveCfg = Release|Any CPU
		{8D3C4958-3E76-4BB7-ADE9-2EEBBF40B02A}.Release|Any CPU.Build.0 = Release|Any CPU
		{185580E4-B191-4415-9C48-8FFA78EDD7A5}.Debug|Any CPU.ActiveCfg = Debug|Any CPU
		{185580E4-B191-4415-9C48-8FFA78EDD7A5}.Debug|Any CPU.Build.0 = Debug|Any CPU
		{185580E4-B191-4415-9C48-8FFA78EDD7A5}.Release|Any CPU.ActiveCfg = Release|Any CPU
		{185580E4-B191-4415-9C48-8FFA78EDD7A5}.Release|Any CPU.Build.0 = Release|Any CPU
		{5AA57F90-26AF-4842-94D2-6D5072E78243}.Debug|Any CPU.ActiveCfg = Debug|Any CPU
		{5AA57F90-26AF-4842-94D2-6D5072E78243}.Debug|Any CPU.Build.0 = Debug|Any CPU
		{5AA57F90-26AF-4842-94D2-6D5072E78243}.Release|Any CPU.ActiveCfg = Release|Any CPU
		{5AA57F90-26AF-4842-94D2-6D5072E78243}.Release|Any CPU.Build.0 = Release|Any CPU
	EndGlobalSection
	GlobalSection(SolutionProperties) = preSolution
		HideSolutionNode = FALSE
	EndGlobalSection
	GlobalSection(NestedProjects) = preSolution
		{185580E4-B191-4415-9C48-8FFA78EDD7A5} = {1FDCE772-60F4-4BAA-AD18-05B72AAF3C2E}
		{5AA57F90-26AF-4842-94D2-6D5072E78243} = {413895AA-FE0F-4E82-8B99-EB2E5D713D46}
	EndGlobalSection
	GlobalSection(ExtensibilityGlobals) = postSolution
		SolutionGuid = {53F17D96-5CFB-46A2-AEAA-44F47D0E1492}
	EndGlobalSection
EndGlobal
